{
  "nodes": {
    "esdbclient": {
      "inputs": {
        "flake-utils": [
          "pythoneda-shared-pythonlang-infrastructure",
          "flake-utils"
        ],
        "nixpkgs": [
          "pythoneda-shared-pythonlang-infrastructure",
          "nixpkgs"
        ]
      },
      "locked": {
        "dir": "esdbclient",
        "lastModified": 1733507692,
        "narHash": "sha256-IBPBdUFCp/HAlg/LMHlf5yW9SILoyEota9r14C1983w=",
        "owner": "rydnr",
        "repo": "nix-flakes",
        "rev": "d810b75bee44f2049a1769d99493636d7e631632",
        "type": "github"
      },
      "original": {
        "dir": "esdbclient",
        "owner": "rydnr",
        "ref": "esdbclient-1.1.3.1",
        "repo": "nix-flakes",
        "type": "github"
      }
    },
    "esdbclient_2": {
      "inputs": {
        "flake-utils": [
          "pythoneda-shared-runtime-secrets-events-infrastructure",
          "pythoneda-shared-pythonlang-infrastructure",
          "flake-utils"
        ],
        "nixpkgs": [
          "pythoneda-shared-runtime-secrets-events-infrastructure",
          "pythoneda-shared-pythonlang-infrastructure",
          "nixpkgs"
        ]
      },
      "locked": {
        "dir": "esdbclient",
        "lastModified": 1733507692,
        "narHash": "sha256-IBPBdUFCp/HAlg/LMHlf5yW9SILoyEota9r14C1983w=",
        "owner": "rydnr",
        "repo": "nix-flakes",
        "rev": "d810b75bee44f2049a1769d99493636d7e631632",
        "type": "github"
      },
      "original": {
        "dir": "esdbclient",
        "owner": "rydnr",
        "ref": "esdbclient-1.1.3.1",
        "repo": "nix-flakes",
        "type": "github"
      }
    },
    "flake-utils": {
      "locked": {
        "lastModified": 1652776076,
        "narHash": "sha256-gzTw/v1vj4dOVbpBSJX4J0DwUR6LIyXo7/SuuTJp1kM=",
        "owner": "numtide",
        "repo": "flake-utils",
        "rev": "04c1b180862888302ddfb2e3ad9eaa63afc60cf8",
        "type": "github"
      },
      "original": {
        "owner": "numtide",
        "ref": "v1.0.0",
        "repo": "flake-utils",
        "type": "github"
      }
    },
    "nixpkgs": {
      "locked": {
        "lastModified": 1717179513,
        "narHash": "sha256-vboIEwIQojofItm2xGCdZCzW96U85l9nDW3ifMuAIdM=",
        "owner": "NixOS",
        "repo": "nixpkgs",
        "rev": "63dacb46bf939521bdc93981b4cbb7ecb58427a0",
        "type": "github"
      },
      "original": {
        "owner": "NixOS",
        "ref": "24.05",
        "repo": "nixpkgs",
        "type": "github"
      }
    },
    "pythoneda-runtime-secrets": {
      "inputs": {
        "flake-utils": [
          "flake-utils"
        ],
        "nixpkgs": [
          "nixpkgs"
        ],
        "pythoneda-shared-pythonlang-banner": [
          "pythoneda-shared-pythonlang-banner"
        ],
        "pythoneda-shared-pythonlang-domain": [
          "pythoneda-shared-pythonlang-domain"
        ],
        "pythoneda-shared-runtime-secrets-events": "pythoneda-shared-runtime-secrets-events"
      },
      "locked": {
        "lastModified": 1737176165,
        "narHash": "sha256-aJgYeKh/zdYkWOhC3IqjnYkoMZ+nsBKBhet8RDYXdSc=",
        "owner": "pythoneda-runtime-def",
        "repo": "secrets",
        "rev": "316257791a6df6b4b314a72e58b7a2d9b5110b78",
        "type": "github"
      },
      "original": {
        "owner": "pythoneda-runtime-def",
        "ref": "0.0.14",
        "repo": "secrets",
        "type": "github"
      }
    },
    "pythoneda-shared-pythonlang-banner": {
      "inputs": {
        "flake-utils": [
          "flake-utils"
        ],
        "nixpkgs": [
          "nixpkgs"
        ]
      },
      "locked": {
        "lastModified": 1737137100,
        "narHash": "sha256-bN2Zs5APOVJKXMO1OUzD3M5j14kGveuV6VIahV6NL1k=",
        "owner": "pythoneda-shared-pythonlang-def",
        "repo": "banner",
        "rev": "a92886cc7c01fb483b51991ae8a363717052bac7",
        "type": "github"
      },
      "original": {
        "owner": "pythoneda-shared-pythonlang-def",
        "ref": "0.0.79",
        "repo": "banner",
        "type": "github"
      }
    },
    "pythoneda-shared-pythonlang-domain": {
      "inputs": {
        "flake-utils": [
          "flake-utils"
        ],
        "nixpkgs": [
          "nixpkgs"
        ],
        "pythoneda-shared-pythonlang-banner": [
          "pythoneda-shared-pythonlang-banner"
        ]
      },
      "locked": {
        "lastModified": 1737141070,
        "narHash": "sha256-6OSx60UuEPSC3lUH9rGZ7IMSsZi0E0uqedTze11P3eE=",
        "owner": "pythoneda-shared-pythonlang-def",
        "repo": "domain",
        "rev": "1f39824ae26c11d0dc8dc1c1833480d933941785",
        "type": "github"
      },
      "original": {
        "owner": "pythoneda-shared-pythonlang-def",
        "ref": "0.0.115",
        "repo": "domain",
        "type": "github"
      }
    },
    "pythoneda-shared-pythonlang-infrastructure": {
      "inputs": {
        "esdbclient": "esdbclient",
        "flake-utils": [
          "flake-utils"
        ],
        "nixpkgs": [
          "nixpkgs"
        ],
        "pythoneda-shared-pythonlang-banner": [
          "pythoneda-shared-pythonlang-banner"
        ],
        "pythoneda-shared-pythonlang-domain": [
          "pythoneda-shared-pythonlang-domain"
        ]
      },
      "locked": {
        "lastModified": 1737141180,
        "narHash": "sha256-qk76TVSM6aVR8TUpGHPstieDBA/Tpx8XOLxWcHvrbME=",
        "owner": "pythoneda-shared-pythonlang-def",
        "repo": "infrastructure",
        "rev": "414bd3353802ddd21df7715fd34bdaaaf79c9929",
        "type": "github"
      },
      "original": {
        "owner": "pythoneda-shared-pythonlang-def",
        "ref": "0.0.91",
        "repo": "infrastructure",
        "type": "github"
      }
    },
    "pythoneda-shared-pythonlang-infrastructure_2": {
      "inputs": {
        "esdbclient": "esdbclient_2",
        "flake-utils": [
          "pythoneda-shared-runtime-secrets-events-infrastructure",
          "flake-utils"
        ],
        "nixpkgs": [
          "pythoneda-shared-runtime-secrets-events-infrastructure",
          "nixpkgs"
        ],
        "pythoneda-shared-pythonlang-banner": [
          "pythoneda-shared-runtime-secrets-events-infrastructure",
          "pythoneda-shared-pythonlang-banner"
        ],
        "pythoneda-shared-pythonlang-domain": [
          "pythoneda-shared-runtime-secrets-events-infrastructure",
          "pythoneda-shared-pythonlang-domain"
        ]
      },
      "locked": {
        "lastModified": 1737141180,
        "narHash": "sha256-qk76TVSM6aVR8TUpGHPstieDBA/Tpx8XOLxWcHvrbME=",
        "owner": "pythoneda-shared-pythonlang-def",
        "repo": "infrastructure",
        "rev": "414bd3353802ddd21df7715fd34bdaaaf79c9929",
        "type": "github"
      },
      "original": {
        "owner": "pythoneda-shared-pythonlang-def",
        "ref": "0.0.91",
        "repo": "infrastructure",
        "type": "github"
      }
    },
    "pythoneda-shared-runtime-secrets-events": {
      "inputs": {
        "flake-utils": [
          "pythoneda-runtime-secrets",
          "flake-utils"
        ],
        "nixpkgs": [
          "pythoneda-runtime-secrets",
          "nixpkgs"
        ],
        "pythoneda-shared-pythonlang-banner": [
          "pythoneda-runtime-secrets",
          "pythoneda-shared-pythonlang-banner"
        ],
        "pythoneda-shared-pythonlang-domain": [
          "pythoneda-runtime-secrets",
          "pythoneda-shared-pythonlang-domain"
        ]
      },
      "locked": {
        "lastModified": 1737149091,
        "narHash": "sha256-gBVfE2455sOUu9laDVRUOQgHedQilr/TxYm7UxtVS2Q=",
        "owner": "pythoneda-shared-runtime-def",
        "repo": "secrets-events",
        "rev": "3e063abb3bb0b1cfcdabf128dd1b01fc271c6394",
        "type": "github"
      },
      "original": {
        "owner": "pythoneda-shared-runtime-def",
        "ref": "0.0.15",
        "repo": "secrets-events",
        "type": "github"
      }
    },
    "pythoneda-shared-runtime-secrets-events-infrastructure": {
      "inputs": {
        "flake-utils": [
          "flake-utils"
        ],
        "nixpkgs": [
          "nixpkgs"
        ],
        "pythoneda-shared-pythonlang-banner": [
          "pythoneda-shared-pythonlang-banner"
        ],
        "pythoneda-shared-pythonlang-domain": [
          "pythoneda-shared-pythonlang-domain"
        ],
        "pythoneda-shared-pythonlang-infrastructure": "pythoneda-shared-pythonlang-infrastructure_2",
        "pythoneda-shared-runtime-secrets-events": [
          "pythoneda-shared-runtime-secrets-events"
        ]
      },
      "locked": {
        "lastModified": 1737149215,
        "narHash": "sha256-Ju5SKC5kmtEOdpoFna2HYoxhe1JWgCE7CwPuaQ8rhQ4=",
        "owner": "pythoneda-shared-runtime-def",
        "repo": "secrets-events-infrastructure",
        "rev": "5dd0fd519e852ca7f2c28229b4780b2d1b23678e",
        "type": "github"
      },
      "original": {
        "owner": "pythoneda-shared-runtime-def",
        "ref": "0.0.14",
        "repo": "secrets-events-infrastructure",
        "type": "github"
      }
    },
    "pythoneda-shared-runtime-secrets-events_2": {
      "inputs": {
        "flake-utils": [
          "flake-utils"
        ],
        "nixpkgs": [
          "nixpkgs"
        ],
        "pythoneda-shared-pythonlang-banner": [
          "pythoneda-shared-pythonlang-banner"
        ],
        "pythoneda-shared-pythonlang-domain": [
          "pythoneda-shared-pythonlang-domain"
        ]
      },
      "locked": {
        "lastModified": 1737149091,
        "narHash": "sha256-gBVfE2455sOUu9laDVRUOQgHedQilr/TxYm7UxtVS2Q=",
        "owner": "pythoneda-shared-runtime-def",
        "repo": "secrets-events",
        "rev": "3e063abb3bb0b1cfcdabf128dd1b01fc271c6394",
        "type": "github"
      },
      "original": {
        "owner": "pythoneda-shared-runtime-def",
        "ref": "0.0.15",
        "repo": "secrets-events",
        "type": "github"
      }
    },
    "root": {
      "inputs": {
        "flake-utils": "flake-utils",
        "nixpkgs": "nixpkgs",
        "pythoneda-runtime-secrets": "pythoneda-runtime-secrets",
        "pythoneda-shared-pythonlang-banner": "pythoneda-shared-pythonlang-banner",
        "pythoneda-shared-pythonlang-domain": "pythoneda-shared-pythonlang-domain",
        "pythoneda-shared-pythonlang-infrastructure": "pythoneda-shared-pythonlang-infrastructure",
        "pythoneda-shared-runtime-secrets-events": "pythoneda-shared-runtime-secrets-events_2",
        "pythoneda-shared-runtime-secrets-events-infrastructure": "pythoneda-shared-runtime-secrets-events-infrastructure"
      }
    }
  },
  "root": "root",
  "version": 7
}
